
Microsoft Visual Studio Solution File, Format Version 12.00
# Visual Studio Version 17
VisualStudioVersion = 17.12.35527.113
MinimumVisualStudioVersion = 10.0.40219.1
Project("{FAE04EC0-301F-11D3-BF4B-00C04F79EFBC}") = "FixMyTex", "FixMyTex\FixMyTex.csproj", "{0126C2BF-CF45-4E78-8365-90567C1D0684}"
EndProject
Project("{2150E333-8FDC-42A3-9474-1A3956D46DE8}") = "Tests", "Tests", "{52A3F74C-14E1-4E80-8690-03EB17407B7A}"
EndProject
Project("{FAE04EC0-301F-11D3-BF4B-00C04F79EFBC}") = "FixMyTex.Tests", "FixMyTex.Tests\FixMyTex.Tests.csproj", "{7583C2A3-F67F-4E12-B1E5-CDF27C358454}"
EndProject
Global
	GlobalSection(SolutionConfigurationPlatforms) = preSolution
		Debug|Any CPU = Debug|Any CPU
		Release|Any CPU = Release|Any CPU
	EndGlobalSection
	GlobalSection(ProjectConfigurationPlatforms) = postSolution
		{0126C2BF-CF45-4E78-8365-90567C1D0684}.Debug|Any CPU.ActiveCfg = Debug|Any CPU
		{0126C2BF-CF45-4E78-8365-90567C1D0684}.Debug|Any CPU.Build.0 = Debug|Any CPU
		{0126C2BF-CF45-4E78-8365-90567C1D0684}.Release|Any CPU.ActiveCfg = Release|Any CPU
		{0126C2BF-CF45-4E78-8365-90567C1D0684}.Release|Any CPU.Build.0 = Release|Any CPU
		{7583C2A3-F67F-4E12-B1E5-CDF27C358454}.Debug|Any CPU.ActiveCfg = Debug|Any CPU
		{7583C2A3-F67F-4E12-B1E5-CDF27C358454}.Debug|Any CPU.Build.0 = Debug|Any CPU
		{7583C2A3-F67F-4E12-B1E5-CDF27C358454}.Release|Any CPU.ActiveCfg = Release|Any CPU
		{7583C2A3-F67F-4E12-B1E5-CDF27C358454}.Release|Any CPU.Build.0 = Release|Any CPU
	EndGlobalSection
	GlobalSection(SolutionProperties) = preSolution
		HideSolutionNode = FALSE
	EndGlobalSection
	GlobalSection(NestedProjects) = preSolution
		{7583C2A3-F67F-4E12-B1E5-CDF27C358454} = {52A3F74C-14E1-4E80-8690-03EB17407B7A}
	EndGlobalSection
EndGlobal
